<?xml version="1.0" encoding="utf-8"?>
<Project ToolsVersion="4.0" xmlns="http://schemas.microsoft.com/developer/msbuild/2003">
  <ItemGroup>
    <Filter Include="serialization">
      <UniqueIdentifier>{d176d933-b442-4dea-9df2-cb215e83ed02}</UniqueIdentifier>
    </Filter>
    <Filter Include="type">
      <UniqueIdentifier>{2ac8e856-666f-48a7-a116-4be4c3030708}</UniqueIdentifier>
    </Filter>
    <Filter Include="buffer">
      <UniqueIdentifier>{fde4efa0-37ac-440d-b11b-3de0f1022952}</UniqueIdentifier>
    </Filter>
    <Filter Include="main">
      <UniqueIdentifier>{cd9c4e87-4fef-45ff-a576-f6ee8775e2bf}</UniqueIdentifier>
    </Filter>
    <Filter Include="empire">
      <UniqueIdentifier>{c835ce8b-bad9-4ca2-b46a-752185e6a024}</UniqueIdentifier>
    </Filter>
    <Filter Include="primitive">
      <UniqueIdentifier>{38c22d04-2901-4638-9365-891ac604e26f}</UniqueIdentifier>
    </Filter>
    <Filter Include="util">
      <UniqueIdentifier>{e6efbcbb-7619-4b0a-9bca-a155680b8328}</UniqueIdentifier>
    </Filter>
  </ItemGroup>
  <ItemGroup>
    <ClInclude Include="src\buffer\Buffer.h">
      <Filter>buffer</Filter>
    </ClInclude>
    <ClInclude Include="src\buffer\TempBuffer.h">
      <Filter>buffer</Filter>
    </ClInclude>
    <ClInclude Include="src\main\Test.h">
      <Filter>main</Filter>
    </ClInclude>
    <ClInclude Include="src\Empire.h">
      <Filter>empire</Filter>
    </ClInclude>
    <ClInclude Include="src\EmpireErrorCodes.h">
      <Filter>empire</Filter>
    </ClInclude>
    <ClInclude Include="src\EmpireException.h">
      <Filter>empire</Filter>
    </ClInclude>
    <ClInclude Include="src\little-big-int.hpp">
      <Filter>empire</Filter>
    </ClInclude>
    <ClInclude Include="src\type\TypeManager.h">
      <Filter>type</Filter>
    </ClInclude>
    <ClInclude Include="src\primitive\EmpirePrimitives.h">
      <Filter>primitive</Filter>
    </ClInclude>
    <ClInclude Include="src\serialization\Serializer.h">
      <Filter>serialization</Filter>
    </ClInclude>
    <ClInclude Include="src\type\EmpireTypes.h">
      <Filter>type</Filter>
    </ClInclude>
    <ClInclude Include="src\primitive\EmpirePrimitivesConfig.h">
      <Filter>primitive</Filter>
    </ClInclude>
    <ClInclude Include="src\util\ToStringUtil.h">
      <Filter>util</Filter>
    </ClInclude>
    <ClInclude Include="src\serialization\PrimitiveSerializers.h">
      <Filter>serialization</Filter>
    </ClInclude>
    <ClInclude Include="src\buffer\Input.h">
      <Filter>buffer</Filter>
    </ClInclude>
    <ClInclude Include="src\buffer\Output.h">
      <Filter>buffer</Filter>
    </ClInclude>
    <ClInclude Include="src\serialization\Deserializer.h">
      <Filter>serialization</Filter>
    </ClInclude>
    <ClInclude Include="src\serialization\PrimitiveDeserializers.h">
      <Filter>serialization</Filter>
    </ClInclude>
    <ClInclude Include="src\Encoding.h" />
    <ClInclude Include="src\primitive\IEEE754.hpp" />
    <ClInclude Include="src\primitive\double_integer.hpp" />
    <ClInclude Include="src\primitive\Integers.h" />
  </ItemGroup>
  <ItemGroup>
    <ClCompile Include="src\main\Main.cpp">
      <Filter>main</Filter>
    </ClCompile>
    <ClCompile Include="src\EmpireErrorCodes.cpp">
      <Filter>empire</Filter>
    </ClCompile>
    <ClCompile Include="src\little-big-int.cpp">
      <Filter>empire</Filter>
    </ClCompile>
    <ClCompile Include="src\type\TypeManager.cpp">
      <Filter>type</Filter>
    </ClCompile>
    <ClCompile Include="src\serialization\Serializer.cpp">
      <Filter>serialization</Filter>
    </ClCompile>
    <ClCompile Include="src\buffer\Output.cpp">
      <Filter>buffer</Filter>
    </ClCompile>
    <ClCompile Include="src\serialization\Deserializer.cpp">
      <Filter>serialization</Filter>
    </ClCompile>
  </ItemGroup>
  <ItemGroup>
    <None Include="src\primitive\double_integer.tcc" />
  </ItemGroup>
</Project>